
Microsoft Visual Studio Solution File, Format Version 12.00
# Visual Studio Version 17
VisualStudioVersion = 17.0.31903.59
MinimumVisualStudioVersion = 10.0.40219.1
Project("{FAE04EC0-301F-11D3-BF4B-00C04F79EFBC}") = "ArduinoToPc", "ArduinoToPc\ArduinoToPc.csproj", "{9D40624A-3D80-4D18-957C-415232982F15}"
EndProject
Global
	GlobalSection(SolutionConfigurationPlatforms) = preSolution
		Debug|Any CPU = Debug|Any CPU
		Release|Any CPU = Release|Any CPU
	EndGlobalSection
	GlobalSection(ProjectConfigurationPlatforms) = postSolution
		{9D40624A-3D80-4D18-957C-415232982F15}.Debug|Any CPU.ActiveCfg = Debug|Any CPU
		{9D40624A-3D80-4D18-957C-415232982F15}.Debug|Any CPU.Build.0 = Debug|Any CPU
		{9D40624A-3D80-4D18-957C-415232982F15}.Release|Any CPU.ActiveCfg = Release|Any CPU
		{9D40624A-3D80-4D18-957C-415232982F15}.Release|Any CPU.Build.0 = Release|Any CPU
	EndGlobalSection
	GlobalSection(SolutionProperties) = preSolution
		HideSolutionNode = FALSE
	EndGlobalSection
	GlobalSection(ExtensibilityGlobals) = postSolution
		SolutionGuid = {8C2AD7C8-ABB6-4D3E-97C8-3F56E33B1349}
	EndGlobalSection
EndGlobal
